
Microsoft Visual Studio Solution File, Format Version 12.00
# Visual Studio 15
VisualStudioVersion = 15.0.28307.1321
MinimumVisualStudioVersion = 10.0.40219.1
Project("{8BC9CEB8-8B4A-11D0-8D11-00A0C91BC942}") = "MultiResHealpix", "MultiResHealpix.vcxproj", "{329E58F4-18C0-442D-BD73-4B27DB800A52}"
EndProject
Project("{8BC9CEB8-8B4A-11D0-8D11-00A0C91BC942}") = "Example", "TestApplication1.vcxproj", "{022F67BD-B00B-47B2-B9F4-D5A045CC3D7D}"
EndProject
Global
	GlobalSection(SolutionConfigurationPlatforms) = preSolution
		Debug|Win32 = Debug|Win32
		Debug|x64 = Debug|x64
		Release|Win32 = Release|Win32
		Release|x64 = Release|x64
	EndGlobalSection
	GlobalSection(ProjectConfigurationPlatforms) = postSolution
		{329E58F4-18C0-442D-BD73-4B27DB800A52}.Debug|Win32.ActiveCfg = Debug|Win32
		{329E58F4-18C0-442D-BD73-4B27DB800A52}.Debug|Win32.Build.0 = Debug|Win32
		{329E58F4-18C0-442D-BD73-4B27DB800A52}.Debug|x64.ActiveCfg = Debug|x64
		{329E58F4-18C0-442D-BD73-4B27DB800A52}.Debug|x64.Build.0 = Debug|x64
		{329E58F4-18C0-442D-BD73-4B27DB800A52}.Release|Win32.ActiveCfg = Release|Win32
		{329E58F4-18C0-442D-BD73-4B27DB800A52}.Release|Win32.Build.0 = Release|Win32
		{329E58F4-18C0-442D-BD73-4B27DB800A52}.Release|x64.ActiveCfg = Release|x64
		{329E58F4-18C0-442D-BD73-4B27DB800A52}.Release|x64.Build.0 = Release|x64
		{022F67BD-B00B-47B2-B9F4-D5A045CC3D7D}.Debug|Win32.ActiveCfg = Debug|Win32
		{022F67BD-B00B-47B2-B9F4-D5A045CC3D7D}.Debug|Win32.Build.0 = Debug|Win32
		{022F67BD-B00B-47B2-B9F4-D5A045CC3D7D}.Debug|x64.ActiveCfg = Debug|x64
		{022F67BD-B00B-47B2-B9F4-D5A045CC3D7D}.Debug|x64.Build.0 = Debug|x64
		{022F67BD-B00B-47B2-B9F4-D5A045CC3D7D}.Release|Win32.ActiveCfg = Release|Win32
		{022F67BD-B00B-47B2-B9F4-D5A045CC3D7D}.Release|Win32.Build.0 = Release|Win32
		{022F67BD-B00B-47B2-B9F4-D5A045CC3D7D}.Release|x64.ActiveCfg = Release|x64
		{022F67BD-B00B-47B2-B9F4-D5A045CC3D7D}.Release|x64.Build.0 = Release|x64
	EndGlobalSection
	GlobalSection(SolutionProperties) = preSolution
		HideSolutionNode = FALSE
	EndGlobalSection
	GlobalSection(ExtensibilityGlobals) = postSolution
		SolutionGuid = {6DA9AC6B-94E8-43B5-981A-1712D5B7FFD8}
	EndGlobalSection
EndGlobal
